
Microsoft Visual Studio Solution File, Format Version 12.00
# Visual Studio Version 17
VisualStudioVersion = 17.1.32319.34
MinimumVisualStudioVersion = 10.0.40219.1
Project("{9A19103F-16F7-4668-BE54-9A1E7A4F7556}") = "SIRS.RMT.Web", "src\SIRS.RMT.Web\SIRS.RMT.Web.csproj", "{C751B49F-B9C3-4C5D-B96B-739B43348DA6}"
	ProjectSection(ProjectDependencies) = postProject
		{28CFE449-CFAB-4AB4-A8A9-9E57B18B8813} = {28CFE449-CFAB-4AB4-A8A9-9E57B18B8813}
	EndProjectSection
EndProject
Project("{2150E333-8FDC-42A3-9474-1A3956D46DE8}") = "src", "src", "{7701954E-3DC4-4B82-ADD1-9164D29534CE}"
EndProject
Project("{9A19103F-16F7-4668-BE54-9A1E7A4F7556}") = "SIRS.RMT.Domain", "src\SIRS.RMT.Domain\SIRS.RMT.Domain.csproj", "{F0E31623-4449-4339-9F42-4D764A4955D3}"
	ProjectSection(ProjectDependencies) = postProject
		{F1A86A7B-11B7-4C9B-ABB0-1C330A93DF2F} = {F1A86A7B-11B7-4C9B-ABB0-1C330A93DF2F}
	EndProjectSection
EndProject
Project("{9A19103F-16F7-4668-BE54-9A1E7A4F7556}") = "SIRS.RMT.ApplicationServices", "src\SIRS.RMT.ApplicationServices\SIRS.RMT.ApplicationServices.csproj", "{28CFE449-CFAB-4AB4-A8A9-9E57B18B8813}"
	ProjectSection(ProjectDependencies) = postProject
		{F0E31623-4449-4339-9F42-4D764A4955D3} = {F0E31623-4449-4339-9F42-4D764A4955D3}
		{B051D464-B116-4CB2-8BEB-E76C5BD8F786} = {B051D464-B116-4CB2-8BEB-E76C5BD8F786}
	EndProjectSection
EndProject
Project("{9A19103F-16F7-4668-BE54-9A1E7A4F7556}") = "SIRS.RMT.Domain.EntityFramework", "src\SIRS.RMT.Domain.EntityFramework\SIRS.RMT.Domain.EntityFramework.csproj", "{B051D464-B116-4CB2-8BEB-E76C5BD8F786}"
	ProjectSection(ProjectDependencies) = postProject
		{F0E31623-4449-4339-9F42-4D764A4955D3} = {F0E31623-4449-4339-9F42-4D764A4955D3}
	EndProjectSection
EndProject
Project("{9A19103F-16F7-4668-BE54-9A1E7A4F7556}") = "SIRS.RMT.Config", "src\SIRS.RMT.Config\SIRS.RMT.Config.csproj", "{F1A86A7B-11B7-4C9B-ABB0-1C330A93DF2F}"
EndProject
Project("{2150E333-8FDC-42A3-9474-1A3956D46DE8}") = "tests", "tests", "{16561A54-E25D-4AC9-BFAB-B02518D1E3AB}"
EndProject
Project("{9A19103F-16F7-4668-BE54-9A1E7A4F7556}") = "SIRS.RMT.Tests", "tests\SIRS.RMT.Tests\SIRS.RMT.Tests.csproj", "{166D8904-563F-40A0-B508-42D2FED4C72A}"
EndProject
Project("{2150E333-8FDC-42A3-9474-1A3956D46DE8}") = "Solution Items", "Solution Items", "{5E12953B-242C-4192-8A0D-44B294E6E7C0}"
	ProjectSection(SolutionItems) = preProject
		.editorconfig = .editorconfig
	EndProjectSection
EndProject
Global
	GlobalSection(SolutionConfigurationPlatforms) = preSolution
		Debug|Any CPU = Debug|Any CPU
		Release|Any CPU = Release|Any CPU
	EndGlobalSection
	GlobalSection(ProjectConfigurationPlatforms) = postSolution
		{C751B49F-B9C3-4C5D-B96B-739B43348DA6}.Debug|Any CPU.ActiveCfg = Debug|Any CPU
		{C751B49F-B9C3-4C5D-B96B-739B43348DA6}.Debug|Any CPU.Build.0 = Debug|Any CPU
		{C751B49F-B9C3-4C5D-B96B-739B43348DA6}.Release|Any CPU.ActiveCfg = Release|Any CPU
		{C751B49F-B9C3-4C5D-B96B-739B43348DA6}.Release|Any CPU.Build.0 = Release|Any CPU
		{F0E31623-4449-4339-9F42-4D764A4955D3}.Debug|Any CPU.ActiveCfg = Debug|Any CPU
		{F0E31623-4449-4339-9F42-4D764A4955D3}.Debug|Any CPU.Build.0 = Debug|Any CPU
		{F0E31623-4449-4339-9F42-4D764A4955D3}.Release|Any CPU.ActiveCfg = Release|Any CPU
		{F0E31623-4449-4339-9F42-4D764A4955D3}.Release|Any CPU.Build.0 = Release|Any CPU
		{28CFE449-CFAB-4AB4-A8A9-9E57B18B8813}.Debug|Any CPU.ActiveCfg = Debug|Any CPU
		{28CFE449-CFAB-4AB4-A8A9-9E57B18B8813}.Debug|Any CPU.Build.0 = Debug|Any CPU
		{28CFE449-CFAB-4AB4-A8A9-9E57B18B8813}.Release|Any CPU.ActiveCfg = Release|Any CPU
		{28CFE449-CFAB-4AB4-A8A9-9E57B18B8813}.Release|Any CPU.Build.0 = Release|Any CPU
		{B051D464-B116-4CB2-8BEB-E76C5BD8F786}.Debug|Any CPU.ActiveCfg = Debug|Any CPU
		{B051D464-B116-4CB2-8BEB-E76C5BD8F786}.Debug|Any CPU.Build.0 = Debug|Any CPU
		{B051D464-B116-4CB2-8BEB-E76C5BD8F786}.Release|Any CPU.ActiveCfg = Release|Any CPU
		{B051D464-B116-4CB2-8BEB-E76C5BD8F786}.Release|Any CPU.Build.0 = Release|Any CPU
		{F1A86A7B-11B7-4C9B-ABB0-1C330A93DF2F}.Debug|Any CPU.ActiveCfg = Debug|Any CPU
		{F1A86A7B-11B7-4C9B-ABB0-1C330A93DF2F}.Debug|Any CPU.Build.0 = Debug|Any CPU
		{F1A86A7B-11B7-4C9B-ABB0-1C330A93DF2F}.Release|Any CPU.ActiveCfg = Release|Any CPU
		{F1A86A7B-11B7-4C9B-ABB0-1C330A93DF2F}.Release|Any CPU.Build.0 = Release|Any CPU
		{166D8904-563F-40A0-B508-42D2FED4C72A}.Debug|Any CPU.ActiveCfg = Debug|Any CPU
		{166D8904-563F-40A0-B508-42D2FED4C72A}.Debug|Any CPU.Build.0 = Debug|Any CPU
		{166D8904-563F-40A0-B508-42D2FED4C72A}.Release|Any CPU.ActiveCfg = Release|Any CPU
		{166D8904-563F-40A0-B508-42D2FED4C72A}.Release|Any CPU.Build.0 = Release|Any CPU
	EndGlobalSection
	GlobalSection(SolutionProperties) = preSolution
		HideSolutionNode = FALSE
	EndGlobalSection
	GlobalSection(NestedProjects) = preSolution
		{C751B49F-B9C3-4C5D-B96B-739B43348DA6} = {7701954E-3DC4-4B82-ADD1-9164D29534CE}
		{F0E31623-4449-4339-9F42-4D764A4955D3} = {7701954E-3DC4-4B82-ADD1-9164D29534CE}
		{28CFE449-CFAB-4AB4-A8A9-9E57B18B8813} = {7701954E-3DC4-4B82-ADD1-9164D29534CE}
		{B051D464-B116-4CB2-8BEB-E76C5BD8F786} = {7701954E-3DC4-4B82-ADD1-9164D29534CE}
		{F1A86A7B-11B7-4C9B-ABB0-1C330A93DF2F} = {7701954E-3DC4-4B82-ADD1-9164D29534CE}
		{166D8904-563F-40A0-B508-42D2FED4C72A} = {16561A54-E25D-4AC9-BFAB-B02518D1E3AB}
	EndGlobalSection
	GlobalSection(ExtensibilityGlobals) = postSolution
		SolutionGuid = {60265637-F647-4409-8EB7-45D51BCACD1A}
	EndGlobalSection
EndGlobal
